// !$*UTF8*$!
{
	archiveVersion = 1;
	classes = {
	};
	objectVersion = 56;
	objects = {

/* Begin PBXBuildFile section */
		A560DD3F285DA7CE00131CC1 /* DemoApp.swift in Sources */ = {isa = PBXBuildFile; fileRef = A560DD3E285DA7CE00131CC1 /* DemoApp.swift */; };
		A560DD43285DA7CF00131CC1 /* Assets.xcassets in Resources */ = {isa = PBXBuildFile; fileRef = A560DD42285DA7CF00131CC1 /* Assets.xcassets */; };
		A560DD46285DA7CF00131CC1 /* Preview Assets.xcassets in Resources */ = {isa = PBXBuildFile; fileRef = A560DD45285DA7CF00131CC1 /* Preview Assets.xcassets */; };
		A560DD4D285DA7F300131CC1 /* NavigationRouter.swift in Sources */ = {isa = PBXBuildFile; fileRef = A560DD4C285DA7F300131CC1 /* NavigationRouter.swift */; };
		A560DD4F285DA81A00131CC1 /* Coordinator.swift in Sources */ = {isa = PBXBuildFile; fileRef = A560DD4E285DA81A00131CC1 /* Coordinator.swift */; };
		A560DD51285DA83D00131CC1 /* ColorCoordinator.swift in Sources */ = {isa = PBXBuildFile; fileRef = A560DD50285DA83D00131CC1 /* ColorCoordinator.swift */; };
		A560DD53285DA85D00131CC1 /* Module.swift in Sources */ = {isa = PBXBuildFile; fileRef = A560DD52285DA85D00131CC1 /* Module.swift */; };
		A560DD55285DA90E00131CC1 /* ColorView.swift in Sources */ = {isa = PBXBuildFile; fileRef = A560DD54285DA90E00131CC1 /* ColorView.swift */; };
		A560DD5C285DA9AB00131CC1 /* ColorModels.swift in Sources */ = {isa = PBXBuildFile; fileRef = A560DD5B285DA9AB00131CC1 /* ColorModels.swift */; };
		A560DD60285DB29800131CC1 /* ShapeCoordinator.swift in Sources */ = {isa = PBXBuildFile; fileRef = A560DD5D285DB18100131CC1 /* ShapeCoordinator.swift */; };
		A560DD61285DB29800131CC1 /* ShapeView.swift in Sources */ = {isa = PBXBuildFile; fileRef = A560DD5F285DB18100131CC1 /* ShapeView.swift */; };
		A560DD62285DB29800131CC1 /* ShapeModels.swift in Sources */ = {isa = PBXBuildFile; fileRef = A560DD5E285DB18100131CC1 /* ShapeModels.swift */; };
		A560DD64285DB7C600131CC1 /* EmptyCoordinator.swift in Sources */ = {isa = PBXBuildFile; fileRef = A560DD63285DB7C600131CC1 /* EmptyCoordinator.swift */; };
		A560DD69285DC19D00131CC1 /* ModuleListView.swift in Sources */ = {isa = PBXBuildFile; fileRef = A560DD67285DC16500131CC1 /* ModuleListView.swift */; };
		A560DD6A285DC19D00131CC1 /* ModuleListCoordinator.swift in Sources */ = {isa = PBXBuildFile; fileRef = A560DD68285DC16500131CC1 /* ModuleListCoordinator.swift */; };
		A560DD6B285DC19D00131CC1 /* ModuleListModels.swift in Sources */ = {isa = PBXBuildFile; fileRef = A560DD66285DC16500131CC1 /* ModuleListModels.swift */; };
		A560DD71285DEBAF00131CC1 /* SettingsCoordinator.swift in Sources */ = {isa = PBXBuildFile; fileRef = A560DD6E285DEA6500131CC1 /* SettingsCoordinator.swift */; };
		A560DD72285DEBAF00131CC1 /* SettingsModels.swift in Sources */ = {isa = PBXBuildFile; fileRef = A560DD6F285DEA6500131CC1 /* SettingsModels.swift */; };
		A560DD73285DEBAF00131CC1 /* SettingsView.swift in Sources */ = {isa = PBXBuildFile; fileRef = A560DD70285DEA6500131CC1 /* SettingsView.swift */; };
/* End PBXBuildFile section */

/* Begin PBXFileReference section */
		A560DD3B285DA7CE00131CC1 /* SwiftUI NavigationRouter.app */ = {isa = PBXFileReference; explicitFileType = wrapper.application; includeInIndex = 0; path = "SwiftUI NavigationRouter.app"; sourceTree = BUILT_PRODUCTS_DIR; };
		A560DD3E285DA7CE00131CC1 /* DemoApp.swift */ = {isa = PBXFileReference; lastKnownFileType = sourcecode.swift; path = DemoApp.swift; sourceTree = "<group>"; };
		A560DD42285DA7CF00131CC1 /* Assets.xcassets */ = {isa = PBXFileReference; lastKnownFileType = folder.assetcatalog; path = Assets.xcassets; sourceTree = "<group>"; };
		A560DD45285DA7CF00131CC1 /* Preview Assets.xcassets */ = {isa = PBXFileReference; lastKnownFileType = folder.assetcatalog; path = "Preview Assets.xcassets"; sourceTree = "<group>"; };
		A560DD4C285DA7F300131CC1 /* NavigationRouter.swift */ = {isa = PBXFileReference; lastKnownFileType = sourcecode.swift; path = NavigationRouter.swift; sourceTree = "<group>"; };
		A560DD4E285DA81A00131CC1 /* Coordinator.swift */ = {isa = PBXFileReference; lastKnownFileType = sourcecode.swift; path = Coordinator.swift; sourceTree = "<group>"; };
		A560DD50285DA83D00131CC1 /* ColorCoordinator.swift */ = {isa = PBXFileReference; lastKnownFileType = sourcecode.swift; path = ColorCoordinator.swift; sourceTree = "<group>"; };
		A560DD52285DA85D00131CC1 /* Module.swift */ = {isa = PBXFileReference; lastKnownFileType = sourcecode.swift; path = Module.swift; sourceTree = "<group>"; };
		A560DD54285DA90E00131CC1 /* ColorView.swift */ = {isa = PBXFileReference; lastKnownFileType = sourcecode.swift; path = ColorView.swift; sourceTree = "<group>"; };
		A560DD5B285DA9AB00131CC1 /* ColorModels.swift */ = {isa = PBXFileReference; lastKnownFileType = sourcecode.swift; path = ColorModels.swift; sourceTree = "<group>"; };
		A560DD5D285DB18100131CC1 /* ShapeCoordinator.swift */ = {isa = PBXFileReference; lastKnownFileType = sourcecode.swift; path = ShapeCoordinator.swift; sourceTree = "<group>"; };
		A560DD5E285DB18100131CC1 /* ShapeModels.swift */ = {isa = PBXFileReference; lastKnownFileType = sourcecode.swift; path = ShapeModels.swift; sourceTree = "<group>"; };
		A560DD5F285DB18100131CC1 /* ShapeView.swift */ = {isa = PBXFileReference; lastKnownFileType = sourcecode.swift; path = ShapeView.swift; sourceTree = "<group>"; };
		A560DD63285DB7C600131CC1 /* EmptyCoordinator.swift */ = {isa = PBXFileReference; lastKnownFileType = sourcecode.swift; name = EmptyCoordinator.swift; path = ../../../EmptyCoordinator.swift; sourceTree = "<group>"; };
		A560DD66285DC16500131CC1 /* ModuleListModels.swift */ = {isa = PBXFileReference; lastKnownFileType = sourcecode.swift; path = ModuleListModels.swift; sourceTree = "<group>"; };
		A560DD67285DC16500131CC1 /* ModuleListView.swift */ = {isa = PBXFileReference; lastKnownFileType = sourcecode.swift; path = ModuleListView.swift; sourceTree = "<group>"; };
		A560DD68285DC16500131CC1 /* ModuleListCoordinator.swift */ = {isa = PBXFileReference; lastKnownFileType = sourcecode.swift; path = ModuleListCoordinator.swift; sourceTree = "<group>"; };
		A560DD6E285DEA6500131CC1 /* SettingsCoordinator.swift */ = {isa = PBXFileReference; lastKnownFileType = sourcecode.swift; path = SettingsCoordinator.swift; sourceTree = "<group>"; };
		A560DD6F285DEA6500131CC1 /* SettingsModels.swift */ = {isa = PBXFileReference; lastKnownFileType = sourcecode.swift; path = SettingsModels.swift; sourceTree = "<group>"; };
		A560DD70285DEA6500131CC1 /* SettingsView.swift */ = {isa = PBXFileReference; lastKnownFileType = sourcecode.swift; path = SettingsView.swift; sourceTree = "<group>"; };
/* End PBXFileReference section */

/* Begin PBXFrameworksBuildPhase section */
		A560DD38285DA7CE00131CC1 /* Frameworks */ = {
			isa = PBXFrameworksBuildPhase;
			buildActionMask = 2147483647;
			files = (
			);
			runOnlyForDeploymentPostprocessing = 0;
		};
/* End PBXFrameworksBuildPhase section */

/* Begin PBXGroup section */
		A560DD32285DA7CE00131CC1 = {
			isa = PBXGroup;
			children = (
				A560DD3D285DA7CE00131CC1 /* SwiftUI NavigationRouter */,
				A560DD3C285DA7CE00131CC1 /* Products */,
			);
			sourceTree = "<group>";
		};
		A560DD3C285DA7CE00131CC1 /* Products */ = {
			isa = PBXGroup;
			children = (
				A560DD3B285DA7CE00131CC1 /* SwiftUI NavigationRouter.app */,
			);
			name = Products;
			sourceTree = "<group>";
		};
		A560DD3D285DA7CE00131CC1 /* SwiftUI NavigationRouter */ = {
			isa = PBXGroup;
			children = (
				A560DD3E285DA7CE00131CC1 /* DemoApp.swift */,
				A560DD56285DA94800131CC1 /* Navigation */,
				A560DD57285DA96100131CC1 /* Modules */,
				A560DD42285DA7CF00131CC1 /* Assets.xcassets */,
				A560DD44285DA7CF00131CC1 /* Preview Content */,
			);
			path = "SwiftUI NavigationRouter";
			sourceTree = "<group>";
		};
		A560DD44285DA7CF00131CC1 /* Preview Content */ = {
			isa = PBXGroup;
			children = (
				A560DD45285DA7CF00131CC1 /* Preview Assets.xcassets */,
			);
			path = "Preview Content";
			sourceTree = "<group>";
		};
		A560DD56285DA94800131CC1 /* Navigation */ = {
			isa = PBXGroup;
			children = (
				A560DD4C285DA7F300131CC1 /* NavigationRouter.swift */,
				A560DD52285DA85D00131CC1 /* Module.swift */,
				A560DD4E285DA81A00131CC1 /* Coordinator.swift */,
				A560DD63285DB7C600131CC1 /* EmptyCoordinator.swift */,
			);
			path = Navigation;
			sourceTree = "<group>";
		};
		A560DD57285DA96100131CC1 /* Modules */ = {
			isa = PBXGroup;
			children = (
				A560DD65285DC15200131CC1 /* ModuleList */,
				A560DD58285DA96D00131CC1 /* Color */,
				A560DD5A285DA97C00131CC1 /* Shape */,
				A560DD6D285DEA5100131CC1 /* Settings */,
			);
			path = Modules;
			sourceTree = "<group>";
		};
		A560DD58285DA96D00131CC1 /* Color */ = {
			isa = PBXGroup;
			children = (
				A560DD50285DA83D00131CC1 /* ColorCoordinator.swift */,
				A560DD5B285DA9AB00131CC1 /* ColorModels.swift */,
				A560DD54285DA90E00131CC1 /* ColorView.swift */,
			);
			path = Color;
			sourceTree = "<group>";
		};
		A560DD5A285DA97C00131CC1 /* Shape */ = {
			isa = PBXGroup;
			children = (
				A560DD5D285DB18100131CC1 /* ShapeCoordinator.swift */,
				A560DD5E285DB18100131CC1 /* ShapeModels.swift */,
				A560DD5F285DB18100131CC1 /* ShapeView.swift */,
			);
			path = Shape;
			sourceTree = "<group>";
		};
		A560DD65285DC15200131CC1 /* ModuleList */ = {
			isa = PBXGroup;
			children = (
				A560DD68285DC16500131CC1 /* ModuleListCoordinator.swift */,
				A560DD66285DC16500131CC1 /* ModuleListModels.swift */,
				A560DD67285DC16500131CC1 /* ModuleListView.swift */,
			);
			path = ModuleList;
			sourceTree = "<group>";
		};
		A560DD6D285DEA5100131CC1 /* Settings */ = {
			isa = PBXGroup;
			children = (
				A560DD6E285DEA6500131CC1 /* SettingsCoordinator.swift */,
				A560DD6F285DEA6500131CC1 /* SettingsModels.swift */,
				A560DD70285DEA6500131CC1 /* SettingsView.swift */,
			);
			path = Settings;
			sourceTree = "<group>";
		};
/* End PBXGroup section */

/* Begin PBXNativeTarget section */
		A560DD3A285DA7CE00131CC1 /* SwiftUI NavigationRouter */ = {
			isa = PBXNativeTarget;
			buildConfigurationList = A560DD49285DA7CF00131CC1 /* Build configuration list for PBXNativeTarget "SwiftUI NavigationRouter" */;
			buildPhases = (
				A560DD37285DA7CE00131CC1 /* Sources */,
				A560DD38285DA7CE00131CC1 /* Frameworks */,
				A560DD39285DA7CE00131CC1 /* Resources */,
			);
			buildRules = (
			);
			dependencies = (
			);
			name = "SwiftUI NavigationRouter";
			productName = "SwiftUI NavigationRouter";
			productReference = A560DD3B285DA7CE00131CC1 /* SwiftUI NavigationRouter.app */;
			productType = "com.apple.product-type.application";
		};
/* End PBXNativeTarget section */

/* Begin PBXProject section */
		A560DD33285DA7CE00131CC1 /* Project object */ = {
			isa = PBXProject;
			attributes = {
				BuildIndependentTargetsInParallel = 1;
				LastSwiftUpdateCheck = 1400;
				LastUpgradeCheck = 1400;
				TargetAttributes = {
					A560DD3A285DA7CE00131CC1 = {
						CreatedOnToolsVersion = 14.0;
					};
				};
			};
			buildConfigurationList = A560DD36285DA7CE00131CC1 /* Build configuration list for PBXProject "SwiftUI NavigationRouter" */;
			compatibilityVersion = "Xcode 14.0";
			developmentRegion = en;
			hasScannedForEncodings = 0;
			knownRegions = (
				en,
				Base,
			);
			mainGroup = A560DD32285DA7CE00131CC1;
			productRefGroup = A560DD3C285DA7CE00131CC1 /* Products */;
			projectDirPath = "";
			projectRoot = "";
			targets = (
				A560DD3A285DA7CE00131CC1 /* SwiftUI NavigationRouter */,
			);
		};
/* End PBXProject section */

/* Begin PBXResourcesBuildPhase section */
		A560DD39285DA7CE00131CC1 /* Resources */ = {
			isa = PBXResourcesBuildPhase;
			buildActionMask = 2147483647;
			files = (
				A560DD46285DA7CF00131CC1 /* Preview Assets.xcassets in Resources */,
				A560DD43285DA7CF00131CC1 /* Assets.xcassets in Resources */,
			);
			runOnlyForDeploymentPostprocessing = 0;
		};
/* End PBXResourcesBuildPhase section */

/* Begin PBXSourcesBuildPhase section */
		A560DD37285DA7CE00131CC1 /* Sources */ = {
			isa = PBXSourcesBuildPhase;
			buildActionMask = 2147483647;
			files = (
				A560DD51285DA83D00131CC1 /* ColorCoordinator.swift in Sources */,
				A560DD64285DB7C600131CC1 /* EmptyCoordinator.swift in Sources */,
				A560DD4F285DA81A00131CC1 /* Coordinator.swift in Sources */,
				A560DD6A285DC19D00131CC1 /* ModuleListCoordinator.swift in Sources */,
				A560DD72285DEBAF00131CC1 /* SettingsModels.swift in Sources */,
				A560DD73285DEBAF00131CC1 /* SettingsView.swift in Sources */,
				A560DD55285DA90E00131CC1 /* ColorView.swift in Sources */,
				A560DD69285DC19D00131CC1 /* ModuleListView.swift in Sources */,
				A560DD62285DB29800131CC1 /* ShapeModels.swift in Sources */,
				A560DD61285DB29800131CC1 /* ShapeView.swift in Sources */,
				A560DD3F285DA7CE00131CC1 /* DemoApp.swift in Sources */,
				A560DD4D285DA7F300131CC1 /* NavigationRouter.swift in Sources */,
				A560DD71285DEBAF00131CC1 /* SettingsCoordinator.swift in Sources */,
				A560DD5C285DA9AB00131CC1 /* ColorModels.swift in Sources */,
				A560DD6B285DC19D00131CC1 /* ModuleListModels.swift in Sources */,
				A560DD60285DB29800131CC1 /* ShapeCoordinator.swift in Sources */,
				A560DD53285DA85D00131CC1 /* Module.swift in Sources */,
			);
			runOnlyForDeploymentPostprocessing = 0;
		};
/* End PBXSourcesBuildPhase section */

/* Begin XCBuildConfiguration section */
		A560DD47285DA7CF00131CC1 /* Debug */ = {
			isa = XCBuildConfiguration;
			buildSettings = {
				ALWAYS_SEARCH_USER_PATHS = NO;
				CLANG_ANALYZER_NONNULL = YES;
				CLANG_ANALYZER_NUMBER_OBJECT_CONVERSION = YES_AGGRESSIVE;
				CLANG_CXX_LANGUAGE_STANDARD = "gnu++17";
				CLANG_ENABLE_MODULES = YES;
				CLANG_ENABLE_OBJC_ARC = YES;
				CLANG_ENABLE_OBJC_WEAK = YES;
				CLANG_WARN_BLOCK_CAPTURE_AUTORELEASING = YES;
				CLANG_WARN_BOOL_CONVERSION = YES;
				CLANG_WARN_COMMA = YES;
				CLANG_WARN_CONSTANT_CONVERSION = YES;
				CLANG_WARN_DEPRECATED_OBJC_IMPLEMENTATIONS = YES;
				CLANG_WARN_DIRECT_OBJC_ISA_USAGE = YES_ERROR;
				CLANG_WARN_DOCUMENTATION_COMMENTS = YES;
				CLANG_WARN_EMPTY_BODY = YES;
				CLANG_WARN_ENUM_CONVERSION = YES;
				CLANG_WARN_INFINITE_RECURSION = YES;
				CLANG_WARN_INT_CONVERSION = YES;
				CLANG_WARN_NON_LITERAL_NULL_CONVERSION = YES;
				CLANG_WARN_OBJC_IMPLICIT_RETAIN_SELF = YES;
				CLANG_WARN_OBJC_LITERAL_CONVERSION = YES;
				CLANG_WARN_OBJC_ROOT_CLASS = YES_ERROR;
				CLANG_WARN_QUOTED_INCLUDE_IN_FRAMEWORK_HEADER = YES;
				CLANG_WARN_RANGE_LOOP_ANALYSIS = YES;
				CLANG_WARN_STRICT_PROTOTYPES = YES;
				CLANG_WARN_SUSPICIOUS_MOVE = YES;
				CLANG_WARN_UNGUARDED_AVAILABILITY = YES_AGGRESSIVE;
				CLANG_WARN_UNREACHABLE_CODE = YES;
				CLANG_WARN__DUPLICATE_METHOD_MATCH = YES;
				COPY_PHASE_STRIP = NO;
				DEBUG_INFORMATION_FORMAT = dwarf;
				ENABLE_STRICT_OBJC_MSGSEND = YES;
				ENABLE_TESTABILITY = YES;
				GCC_C_LANGUAGE_STANDARD = gnu11;
				GCC_DYNAMIC_NO_PIC = NO;
				GCC_NO_COMMON_BLOCKS = YES;
				GCC_OPTIMIZATION_LEVEL = 0;
				GCC_PREPROCESSOR_DEFINITIONS = (
					"DEBUG=1",
					"$(inherited)",
				);
				GCC_WARN_64_TO_32_BIT_CONVERSION = YES;
				GCC_WARN_ABOUT_RETURN_TYPE = YES_ERROR;
				GCC_WARN_UNDECLARED_SELECTOR = YES;
				GCC_WARN_UNINITIALIZED_AUTOS = YES_AGGRESSIVE;
				GCC_WARN_UNUSED_FUNCTION = YES;
				GCC_WARN_UNUSED_VARIABLE = YES;
				IPHONEOS_DEPLOYMENT_TARGET = 16.0;
				MTL_ENABLE_DEBUG_INFO = INCLUDE_SOURCE;
				MTL_FAST_MATH = YES;
				ONLY_ACTIVE_ARCH = YES;
				SDKROOT = iphoneos;
				SWIFT_ACTIVE_COMPILATION_CONDITIONS = DEBUG;
				SWIFT_OPTIMIZATION_LEVEL = "-Onone";
			};
			name = Debug;
		};
		A560DD48285DA7CF00131CC1 /* Release */ = {
			isa = XCBuildConfiguration;
			buildSettings = {
				ALWAYS_SEARCH_USER_PATHS = NO;
				CLANG_ANALYZER_NONNULL = YES;
				CLANG_ANALYZER_NUMBER_OBJECT_CONVERSION = YES_AGGRESSIVE;
				CLANG_CXX_LANGUAGE_STANDARD = "gnu++17";
				CLANG_ENABLE_MODULES = YES;
				CLANG_ENABLE_OBJC_ARC = YES;
				CLANG_ENABLE_OBJC_WEAK = YES;
				CLANG_WARN_BLOCK_CAPTURE_AUTORELEASING = YES;
				CLANG_WARN_BOOL_CONVERSION = YES;
				CLANG_WARN_COMMA = YES;
				CLANG_WARN_CONSTANT_CONVERSION = YES;
				CLANG_WARN_DEPRECATED_OBJC_IMPLEMENTATIONS = YES;
				CLANG_WARN_DIRECT_OBJC_ISA_USAGE = YES_ERROR;
				CLANG_WARN_DOCUMENTATION_COMMENTS = YES;
				CLANG_WARN_EMPTY_BODY = YES;
				CLANG_WARN_ENUM_CONVERSION = YES;
				CLANG_WARN_INFINITE_RECURSION = YES;
				CLANG_WARN_INT_CONVERSION = YES;
				CLANG_WARN_NON_LITERAL_NULL_CONVERSION = YES;
				CLANG_WARN_OBJC_IMPLICIT_RETAIN_SELF = YES;
				CLANG_WARN_OBJC_LITERAL_CONVERSION = YES;
				CLANG_WARN_OBJC_ROOT_CLASS = YES_ERROR;
				CLANG_WARN_QUOTED_INCLUDE_IN_FRAMEWORK_HEADER = YES;
				CLANG_WARN_RANGE_LOOP_ANALYSIS = YES;
				CLANG_WARN_STRICT_PROTOTYPES = YES;
				CLANG_WARN_SUSPICIOUS_MOVE = YES;
				CLANG_WARN_UNGUARDED_AVAILABILITY = YES_AGGRESSIVE;
				CLANG_WARN_UNREACHABLE_CODE = YES;
				CLANG_WARN__DUPLICATE_METHOD_MATCH = YES;
				COPY_PHASE_STRIP = NO;
				DEBUG_INFORMATION_FORMAT = "dwarf-with-dsym";
				ENABLE_NS_ASSERTIONS = NO;
				ENABLE_STRICT_OBJC_MSGSEND = YES;
				GCC_C_LANGUAGE_STANDARD = gnu11;
				GCC_NO_COMMON_BLOCKS = YES;
				GCC_WARN_64_TO_32_BIT_CONVERSION = YES;
				GCC_WARN_ABOUT_RETURN_TYPE = YES_ERROR;
				GCC_WARN_UNDECLARED_SELECTOR = YES;
				GCC_WARN_UNINITIALIZED_AUTOS = YES_AGGRESSIVE;
				GCC_WARN_UNUSED_FUNCTION = YES;
				GCC_WARN_UNUSED_VARIABLE = YES;
				IPHONEOS_DEPLOYMENT_TARGET = 16.0;
				MTL_ENABLE_DEBUG_INFO = NO;
				MTL_FAST_MATH = YES;
				SDKROOT = iphoneos;
				SWIFT_COMPILATION_MODE = wholemodule;
				SWIFT_OPTIMIZATION_LEVEL = "-O";
				VALIDATE_PRODUCT = YES;
			};
			name = Release;
		};
		A560DD4A285DA7CF00131CC1 /* Debug */ = {
			isa = XCBuildConfiguration;
			buildSettings = {
				ASSETCATALOG_COMPILER_APPICON_NAME = AppIcon;
				ASSETCATALOG_COMPILER_GLOBAL_ACCENT_COLOR_NAME = AccentColor;
				CODE_SIGN_STYLE = Automatic;
				CURRENT_PROJECT_VERSION = 1;
				DEVELOPMENT_ASSET_PATHS = "\"SwiftUI NavigationRouter/Preview Content\"";
				DEVELOPMENT_TEAM = NU8A5Y875P;
				ENABLE_PREVIEWS = YES;
				GENERATE_INFOPLIST_FILE = YES;
				INFOPLIST_KEY_CFBundleDisplayName = NavigationRouter;
				INFOPLIST_KEY_UIApplicationSceneManifest_Generation = YES;
				INFOPLIST_KEY_UIApplicationSupportsIndirectInputEvents = YES;
				INFOPLIST_KEY_UILaunchScreen_Generation = YES;
				INFOPLIST_KEY_UISupportedInterfaceOrientations_iPad = "UIInterfaceOrientationPortrait UIInterfaceOrientationPortraitUpsideDown UIInterfaceOrientationLandscapeLeft UIInterfaceOrientationLandscapeRight";
				INFOPLIST_KEY_UISupportedInterfaceOrientations_iPhone = "UIInterfaceOrientationPortrait UIInterfaceOrientationLandscapeLeft UIInterfaceOrientationLandscapeRight";
				LD_RUNPATH_SEARCH_PATHS = (
					"$(inherited)",
					"@executable_path/Frameworks",
				);
				MARKETING_VERSION = 1.0;
				PRODUCT_BUNDLE_IDENTIFIER = "uk.pixlwave.SwiftUI-NavigationRouter";
				PRODUCT_NAME = "$(TARGET_NAME)";
				SWIFT_EMIT_LOC_STRINGS = YES;
				SWIFT_VERSION = 5.0;
				TARGETED_DEVICE_FAMILY = "1,2";
			};
			name = Debug;
		};
		A560DD4B285DA7CF00131CC1 /* Release */ = {
			isa = XCBuildConfiguration;
			buildSettings = {
				ASSETCATALOG_COMPILER_APPICON_NAME = AppIcon;
				ASSETCATALOG_COMPILER_GLOBAL_ACCENT_COLOR_NAME = AccentColor;
				CODE_SIGN_STYLE = Automatic;
				CURRENT_PROJECT_VERSION = 1;
				DEVELOPMENT_ASSET_PATHS = "\"SwiftUI NavigationRouter/Preview Content\"";
				DEVELOPMENT_TEAM = NU8A5Y875P;
				ENABLE_PREVIEWS = YES;
				GENERATE_INFOPLIST_FILE = YES;
				INFOPLIST_KEY_CFBundleDisplayName = NavigationRouter;
				INFOPLIST_KEY_UIApplicationSceneManifest_Generation = YES;
				INFOPLIST_KEY_UIApplicationSupportsIndirectInputEvents = YES;
				INFOPLIST_KEY_UILaunchScreen_Generation = YES;
				INFOPLIST_KEY_UISupportedInterfaceOrientations_iPad = "UIInterfaceOrientationPortrait UIInterfaceOrientationPortraitUpsideDown UIInterfaceOrientationLandscapeLeft UIInterfaceOrientationLandscapeRight";
				INFOPLIST_KEY_UISupportedInterfaceOrientations_iPhone = "UIInterfaceOrientationPortrait UIInterfaceOrientationLandscapeLeft UIInterfaceOrientationLandscapeRight";
				LD_RUNPATH_SEARCH_PATHS = (
					"$(inherited)",
					"@executable_path/Frameworks",
				);
				MARKETING_VERSION = 1.0;
				PRODUCT_BUNDLE_IDENTIFIER = "uk.pixlwave.SwiftUI-NavigationRouter";
				PRODUCT_NAME = "$(TARGET_NAME)";
				SWIFT_EMIT_LOC_STRINGS = YES;
				SWIFT_VERSION = 5.0;
				TARGETED_DEVICE_FAMILY = "1,2";
			};
			name = Release;
		};
/* End XCBuildConfiguration section */

/* Begin XCConfigurationList section */
		A560DD36285DA7CE00131CC1 /* Build configuration list for PBXProject "SwiftUI NavigationRouter" */ = {
			isa = XCConfigurationList;
			buildConfigurations = (
				A560DD47285DA7CF00131CC1 /* Debug */,
				A560DD48285DA7CF00131CC1 /* Release */,
			);
			defaultConfigurationIsVisible = 0;
			defaultConfigurationName = Release;
		};
		A560DD49285DA7CF00131CC1 /* Build configuration list for PBXNativeTarget "SwiftUI NavigationRouter" */ = {
			isa = XCConfigurationList;
			buildConfigurations = (
				A560DD4A285DA7CF00131CC1 /* Debug */,
				A560DD4B285DA7CF00131CC1 /* Release */,
			);
			defaultConfigurationIsVisible = 0;
			defaultConfigurationName = Release;
		};
/* End XCConfigurationList section */
	};
	rootObject = A560DD33285DA7CE00131CC1 /* Project object */;
}
